# This file is automatically @generated by Cargo.
# It is not intended for manual editing.
version = 4

[[package]]
name = "anstyle"
version = "1.0.13"
source = "registry+https://github.com/rust-lang/crates.io-index"
checksum = "5192cca8006f1fd4f7237516f40fa183bb07f8fbdfedaa0036de5ea9b0b45e78"

[[package]]
name = "clap"
version = "4.5.49"
source = "registry+https://github.com/rust-lang/crates.io-index"
checksum = "f4512b90fa68d3a9932cea5184017c5d200f5921df706d45e853537dea51508f"
dependencies = [
 "clap_builder",
]

[[package]]
name = "clap_builder"
version = "4.5.49"
source = "registry+https://github.com/rust-lang/crates.io-index"
checksum = "0025e98baa12e766c67ba13ff4695a887a1eba19569aad00a472546795bd6730"
dependencies = [
 "anstyle",
 "clap_lex",
]

[[package]]
name = "clap_complete"
version = "4.5.59"
source = "registry+https://github.com/rust-lang/crates.io-index"
checksum = "2348487adcd4631696ced64ccdb40d38ac4d31cae7f2eec8817fcea1b9d1c43c"
dependencies = [
 "clap",
]

[[package]]
name = "clap_complete_clink"
version = "1.0.0"
dependencies = [
 "clap",
 "clap_complete",
]

[[package]]
name = "clap_lex"
version = "0.7.6"
source = "registry+https://github.com/rust-lang/crates.io-index"
checksum = "a1d728cc89cf3aee9ff92b05e62b19ee65a02b5702cff7d5a377e32c6ae29d8d"
